
Microsoft Visual Studio Solution File, Format Version 12.00
# Visual Studio 2013
VisualStudioVersion = 12.0.21005.1
MinimumVisualStudioVersion = 10.0.40219.1
Project("{FAE04EC0-301F-11D3-BF4B-00C04F79EFBC}") = "IMergeGui.Mac", "IMergeGui.Mac\IMergeGui.Mac.csproj", "{10B912FB-4B76-480E-A324-F682136B5377}"
EndProject
Project("{FAE04EC0-301F-11D3-BF4B-00C04F79EFBC}") = "IMergeGui.Wpf", "IMergeGui.Wpf\IMergeGui.Wpf.csproj", "{C4858936-1FDA-494D-B0E7-3D196A06D527}"
EndProject
Project("{FAE04EC0-301F-11D3-BF4B-00C04F79EFBC}") = "IMergeGui.Tests", "IMergeGui.Tests\IMergeGui.Tests.csproj", "{DEB0DEB8-195A-4648-B20B-060EAFA3ABA0}"
EndProject
Project("{FAE04EC0-301F-11D3-BF4B-00C04F79EFBC}") = "IMergeGui.Core", "IMergeGui.Core\IMergeGui.Core.csproj", "{625CFC93-4423-4EF9-A354-AC7BCF3D35BA}"
EndProject
Global
	GlobalSection(SolutionConfigurationPlatforms) = preSolution
		AppStore|x86 = AppStore|x86
		Debug|x86 = Debug|x86
		Release|x86 = Release|x86
	EndGlobalSection
	GlobalSection(ProjectConfigurationPlatforms) = postSolution
		{10B912FB-4B76-480E-A324-F682136B5377}.AppStore|x86.ActiveCfg = AppStore|Any CPU
		{10B912FB-4B76-480E-A324-F682136B5377}.AppStore|x86.Build.0 = AppStore|Any CPU
		{10B912FB-4B76-480E-A324-F682136B5377}.Debug|x86.ActiveCfg = Debug|Any CPU
		{10B912FB-4B76-480E-A324-F682136B5377}.Debug|x86.Build.0 = Debug|Any CPU
		{10B912FB-4B76-480E-A324-F682136B5377}.Release|x86.ActiveCfg = Release|Any CPU
		{10B912FB-4B76-480E-A324-F682136B5377}.Release|x86.Build.0 = Release|Any CPU
		{C4858936-1FDA-494D-B0E7-3D196A06D527}.AppStore|x86.ActiveCfg = Release|Any CPU
		{C4858936-1FDA-494D-B0E7-3D196A06D527}.AppStore|x86.Build.0 = Release|Any CPU
		{C4858936-1FDA-494D-B0E7-3D196A06D527}.Debug|x86.ActiveCfg = Debug|Any CPU
		{C4858936-1FDA-494D-B0E7-3D196A06D527}.Debug|x86.Build.0 = Debug|Any CPU
		{C4858936-1FDA-494D-B0E7-3D196A06D527}.Release|x86.ActiveCfg = Release|Any CPU
		{C4858936-1FDA-494D-B0E7-3D196A06D527}.Release|x86.Build.0 = Release|Any CPU
		{DEB0DEB8-195A-4648-B20B-060EAFA3ABA0}.AppStore|x86.ActiveCfg = Release|Any CPU
		{DEB0DEB8-195A-4648-B20B-060EAFA3ABA0}.AppStore|x86.Build.0 = Release|Any CPU
		{DEB0DEB8-195A-4648-B20B-060EAFA3ABA0}.Debug|x86.ActiveCfg = Debug|Any CPU
		{DEB0DEB8-195A-4648-B20B-060EAFA3ABA0}.Debug|x86.Build.0 = Debug|Any CPU
		{DEB0DEB8-195A-4648-B20B-060EAFA3ABA0}.Release|x86.ActiveCfg = Release|Any CPU
		{DEB0DEB8-195A-4648-B20B-060EAFA3ABA0}.Release|x86.Build.0 = Release|Any CPU
		{625CFC93-4423-4EF9-A354-AC7BCF3D35BA}.AppStore|x86.ActiveCfg = Release|Any CPU
		{625CFC93-4423-4EF9-A354-AC7BCF3D35BA}.AppStore|x86.Build.0 = Release|Any CPU
		{625CFC93-4423-4EF9-A354-AC7BCF3D35BA}.Debug|x86.ActiveCfg = Debug|Any CPU
		{625CFC93-4423-4EF9-A354-AC7BCF3D35BA}.Debug|x86.Build.0 = Debug|Any CPU
		{625CFC93-4423-4EF9-A354-AC7BCF3D35BA}.Release|x86.ActiveCfg = Release|Any CPU
		{625CFC93-4423-4EF9-A354-AC7BCF3D35BA}.Release|x86.Build.0 = Release|Any CPU
	EndGlobalSection
	GlobalSection(SolutionProperties) = preSolution
		HideSolutionNode = FALSE
	EndGlobalSection
	GlobalSection(MonoDevelopProperties) = preSolution
		StartupItem = IMergeGui.Mac\IMergeGui.Mac.csproj
	EndGlobalSection
EndGlobal
